
Microsoft Visual Studio Solution File, Format Version 12.00
# Visual Studio Version 17
VisualStudioVersion = 17.0.31903.59
MinimumVisualStudioVersion = 10.0.40219.1
Project("{9A19103F-16F7-4668-BE54-9A1E7A4F7556}") = "PromptPlus", "PromptPlus\PromptPlus.csproj", "{B4F50CA1-7DBB-411D-8D09-0E26B83337FE}"
EndProject
Project("{2150E333-8FDC-42A3-9474-1A3956D46DE8}") = "Components", "Components", "{1D88B60E-F8D4-494F-BF56-940EA9DDAB0D}"
EndProject
Project("{2150E333-8FDC-42A3-9474-1A3956D46DE8}") = "Docs", "Docs", "{640ED284-A90B-43B8-ABA5-66F769752DDD}"
	ProjectSection(SolutionItems) = preProject
		docs\_config.yml = docs\_config.yml
		docs\anykey.md = docs\anykey.md
		docs\autocomplete.md = docs\autocomplete.md
		docs\banner.md = docs\banner.md
		docs\basemethods.md = docs\basemethods.md
		docs\browser.md = docs\browser.md
		docs\colorcmd.md = docs\colorcmd.md
		docs\commands.md = docs\commands.md
		docs\confirm.md = docs\confirm.md
		docs\index.md = docs\index.md
		docs\input.md = docs\input.md
		docs\keypress.md = docs\keypress.md
		docs\list.md = docs\list.md
		docs\listmasked.md = docs\listmasked.md
		docs\maskeditdate.md = docs\maskeditdate.md
		docs\maskeditgeneric.md = docs\maskeditgeneric.md
		docs\maskeditnumber.md = docs\maskeditnumber.md
		docs\multiselect.md = docs\multiselect.md
		docs\pipeline.md = docs\pipeline.md
		docs\pipemethods.md = docs\pipemethods.md
		docs\progressbar.md = docs\progressbar.md
		docs\progressbarinfo.md = docs\progressbarinfo.md
		docs\resultbrowser.md = docs\resultbrowser.md
		docs\resultmasked.md = docs\resultmasked.md
		docs\resultpipe.md = docs\resultpipe.md
		docs\resultprocess.md = docs\resultprocess.md
		docs\resultpromptplus.md = docs\resultpromptplus.md
		docs\select.md = docs\select.md
		docs\singleprocess.md = docs\singleprocess.md
		docs\slidernumber.md = docs\slidernumber.md
		docs\sliderswitch.md = docs\sliderswitch.md
		docs\waitprocess.md = docs\waitprocess.md
	EndProjectSection
EndProject
Project("{2150E333-8FDC-42A3-9474-1A3956D46DE8}") = "images", "images", "{0EBFCDFA-D7BC-448D-B396-7179B9B32577}"
	ProjectSection(SolutionItems) = preProject
		docs\images\Anykey.gif = docs\images\Anykey.gif
		docs\images\Browser.gif = docs\images\Browser.gif
		docs\images\Colors.gif = docs\images\Colors.gif
		docs\images\Commands.gif = docs\images\Commands.gif
		docs\images\Confirm.gif = docs\images\Confirm.gif
		docs\images\icon.png = docs\images\icon.png
		docs\images\Input.gif = docs\images\Input.gif
		docs\images\KeyPress.gif = docs\images\KeyPress.gif
		docs\images\List.gif = docs\images\List.gif
		docs\images\MaskEditCurrency.gif = docs\images\MaskEditCurrency.gif
		docs\images\MaskEditDate.gif = docs\images\MaskEditDate.gif
		docs\images\MaskEditDateTime.gif = docs\images\MaskEditDateTime.gif
		docs\images\MaskEditGeneric.gif = docs\images\MaskEditGeneric.gif
		docs\images\MaskEditNumber.gif = docs\images\MaskEditNumber.gif
		docs\images\MaskEditTime.gif = docs\images\MaskEditTime.gif
		docs\images\MaskedList.gif = docs\images\MaskedList.gif
		docs\images\MultSelect.gif = docs\images\MultSelect.gif
		docs\images\NumberUpDown.gif = docs\images\NumberUpDown.gif
		docs\images\Password.gif = docs\images\Password.gif
		docs\images\PipeLine.gif = docs\images\PipeLine.gif
		docs\images\ProgressBar.gif = docs\images\ProgressBar.gif
		docs\images\ScreenStatusBar.gif = docs\images\ScreenStatusBar.gif
		docs\images\Select.gif = docs\images\Select.gif
		docs\images\SliderNumber.gif = docs\images\SliderNumber.gif
		docs\images\SliderSwitch.gif = docs\images\SliderSwitch.gif
		docs\images\WaitProcess.gif = docs\images\WaitProcess.gif
	EndProjectSection
EndProject
Project("{9A19103F-16F7-4668-BE54-9A1E7A4F7556}") = "PromptPlusExample", "PromptPlusExample\PromptPlusExample.csproj", "{E6909664-814A-4663-845D-19D236CBC749}"
EndProject
Project("{9A19103F-16F7-4668-BE54-9A1E7A4F7556}") = "PromptPlus.CommandDotNet", "PromptPlus.CommandDotNet\PromptPlus.CommandDotNet.csproj", "{BAA6FC9A-9334-41D1-9EBC-3964786E1E67}"
EndProject
Project("{9A19103F-16F7-4668-BE54-9A1E7A4F7556}") = "CommandDotNet.Example", "CommandDotNet.Example\CommandDotNet.Example.csproj", "{9BDEC6D9-4C73-4C35-9078-76DB88B674F7}"
EndProject
Global
	GlobalSection(SolutionConfigurationPlatforms) = preSolution
		Debug|Any CPU = Debug|Any CPU
		Release|Any CPU = Release|Any CPU
	EndGlobalSection
	GlobalSection(ProjectConfigurationPlatforms) = postSolution
		{B4F50CA1-7DBB-411D-8D09-0E26B83337FE}.Debug|Any CPU.ActiveCfg = Debug|Any CPU
		{B4F50CA1-7DBB-411D-8D09-0E26B83337FE}.Debug|Any CPU.Build.0 = Debug|Any CPU
		{B4F50CA1-7DBB-411D-8D09-0E26B83337FE}.Release|Any CPU.ActiveCfg = Release|Any CPU
		{B4F50CA1-7DBB-411D-8D09-0E26B83337FE}.Release|Any CPU.Build.0 = Release|Any CPU
		{E6909664-814A-4663-845D-19D236CBC749}.Debug|Any CPU.ActiveCfg = Debug|Any CPU
		{E6909664-814A-4663-845D-19D236CBC749}.Debug|Any CPU.Build.0 = Debug|Any CPU
		{E6909664-814A-4663-845D-19D236CBC749}.Release|Any CPU.ActiveCfg = Release|Any CPU
		{E6909664-814A-4663-845D-19D236CBC749}.Release|Any CPU.Build.0 = Release|Any CPU
		{BAA6FC9A-9334-41D1-9EBC-3964786E1E67}.Debug|Any CPU.ActiveCfg = Debug|Any CPU
		{BAA6FC9A-9334-41D1-9EBC-3964786E1E67}.Debug|Any CPU.Build.0 = Debug|Any CPU
		{BAA6FC9A-9334-41D1-9EBC-3964786E1E67}.Release|Any CPU.ActiveCfg = Release|Any CPU
		{BAA6FC9A-9334-41D1-9EBC-3964786E1E67}.Release|Any CPU.Build.0 = Release|Any CPU
		{9BDEC6D9-4C73-4C35-9078-76DB88B674F7}.Debug|Any CPU.ActiveCfg = Debug|Any CPU
		{9BDEC6D9-4C73-4C35-9078-76DB88B674F7}.Debug|Any CPU.Build.0 = Debug|Any CPU
		{9BDEC6D9-4C73-4C35-9078-76DB88B674F7}.Release|Any CPU.ActiveCfg = Release|Any CPU
		{9BDEC6D9-4C73-4C35-9078-76DB88B674F7}.Release|Any CPU.Build.0 = Release|Any CPU
	EndGlobalSection
	GlobalSection(SolutionProperties) = preSolution
		HideSolutionNode = FALSE
	EndGlobalSection
	GlobalSection(NestedProjects) = preSolution
		{B4F50CA1-7DBB-411D-8D09-0E26B83337FE} = {1D88B60E-F8D4-494F-BF56-940EA9DDAB0D}
		{0EBFCDFA-D7BC-448D-B396-7179B9B32577} = {640ED284-A90B-43B8-ABA5-66F769752DDD}
		{BAA6FC9A-9334-41D1-9EBC-3964786E1E67} = {1D88B60E-F8D4-494F-BF56-940EA9DDAB0D}
	EndGlobalSection
	GlobalSection(ExtensibilityGlobals) = postSolution
		RESX_ShowErrorsInErrorList = False
		SolutionGuid = {76E7FD3B-AB85-4725-8FCB-6113272E0BCD}
	EndGlobalSection
EndGlobal
