
Microsoft Visual Studio Solution File, Format Version 12.00
# Visual Studio Version 18
VisualStudioVersion = 18.0.11018.127
MinimumVisualStudioVersion = 10.0.40219.1
Project("{2150E333-8FDC-42A3-9474-1A3956D46DE8}") = "samples", "samples", "{2742117A-A0CB-4544-BDA7-BE537B79B571}"
EndProject
Project("{FAE04EC0-301F-11D3-BF4B-00C04F79EFBC}") = "PromptPlus", "src\PromptPlus.csproj", "{60DC05A1-AE64-4C34-A0CA-6F1DD070721E}"
EndProject
Project("{FAE04EC0-301F-11D3-BF4B-00C04F79EFBC}") = "ConsoleFeaturesSamples", "samples\ConsoleFeaturesSamples\ConsoleFeaturesSamples.csproj", "{EAA2A72B-BE11-4815-A434-458F2509A12B}"
EndProject
Project("{2150E333-8FDC-42A3-9474-1A3956D46DE8}") = "Widgets", "Widgets", "{BA38AF06-01DE-407A-B73B-1278965B848D}"
EndProject
Project("{2150E333-8FDC-42A3-9474-1A3956D46DE8}") = "Controls", "Controls", "{B224F988-CB31-487D-8B94-84CEF58E4B52}"
EndProject
Project("{FAE04EC0-301F-11D3-BF4B-00C04F79EFBC}") = "ConsoleCalendarWidgetSamples", "samples\ConsoleCalendarWidgetSamples\ConsoleCalendarWidgetSamples.csproj", "{ECCF791F-B613-47D2-8060-93F090735FE0}"
EndProject
Project("{FAE04EC0-301F-11D3-BF4B-00C04F79EFBC}") = "ConsoleBannerWidgetSamples", "samples\ConsoleBannerWidgetSamples\ConsoleBannerWidgetSamples.csproj", "{87ED2C70-9051-4C51-B288-C922F229D96E}"
EndProject
Project("{FAE04EC0-301F-11D3-BF4B-00C04F79EFBC}") = "ConsoleInputControlsSamples", "samples\ConsoleInputControlSamples\ConsoleInputControlsSamples.csproj", "{D9DCB698-C2CB-4B2B-BEEA-69224F9178A0}"
EndProject
Project("{FAE04EC0-301F-11D3-BF4B-00C04F79EFBC}") = "ConsoleEmacsReadLineControlsSamples", "samples\ConsoleEmacsReadLineControlSamples\ConsoleEmacsReadLineControlsSamples.csproj", "{57656C04-810F-4B49-A507-8CFD178D9063}"
EndProject
Project("{FAE04EC0-301F-11D3-BF4B-00C04F79EFBC}") = "ConsoleCalendarControlSamples", "samples\ConsoleCalendarControlSamples\ConsoleCalendarControlSamples.csproj", "{AF679850-32C0-4F46-A874-A51231CFD636}"
EndProject
Project("{FAE04EC0-301F-11D3-BF4B-00C04F79EFBC}") = "ConsoleKeyPressControlSamples", "samples\ConsoleKeyPressControlSamples\ConsoleKeyPressControlSamples.csproj", "{4D387B55-CD13-4AE3-AAC2-7B6B2F406487}"
EndProject
Project("{FAE04EC0-301F-11D3-BF4B-00C04F79EFBC}") = "ConsoleWaitTimerControlSamples", "samples\ConsoleWaitTimerControlSamples\ConsoleWaitTimerControlSamples.csproj", "{65673DC2-03DB-48C2-854B-276826F43E60}"
EndProject
Project("{FAE04EC0-301F-11D3-BF4B-00C04F79EFBC}") = "ConsoleWaitProcessControlSamples", "samples\ConsoleWaitProcessControlSamples\ConsoleWaitProcessControlSamples.csproj", "{44CEFFD5-1318-3670-96F1-4E4CE19C9E00}"
EndProject
Project("{FAE04EC0-301F-11D3-BF4B-00C04F79EFBC}") = "ConsoleProgressBarControlSamples", "samples\ConsoleProgressBarControlSamples\ConsoleProgressBarControlSamples.csproj", "{1BE0680B-7928-E2FB-18F5-679A281F7F0B}"
EndProject
Project("{FAE04EC0-301F-11D3-BF4B-00C04F79EFBC}") = "ConsoleSliderControlSamples", "samples\ConsoleSliderControlSamples\ConsoleSliderControlSamples.csproj", "{31898EDE-2AD8-6412-52AF-681F55C8F2A0}"
EndProject
Project("{FAE04EC0-301F-11D3-BF4B-00C04F79EFBC}") = "ConsoleSwitchControlSamples", "samples\ConsoleSwitchControlSamples\ConsoleSwitchControlSamples.csproj", "{00766751-E862-56DF-0E81-485FE3C16102}"
EndProject
Project("{FAE04EC0-301F-11D3-BF4B-00C04F79EFBC}") = "ConsoleChartBarControlSamples", "samples\ConsoleChartBarControlSamples\ConsoleChartBarControlSamples.csproj", "{295185A0-3BFC-FB3D-F263-0E2E7FC10C7A}"
EndProject
Project("{FAE04EC0-301F-11D3-BF4B-00C04F79EFBC}") = "ConsoleChartBarWidgetSamples", "samples\ConsoleChartBarWidgetSamples\ConsoleChartBarWidgetSamples.csproj", "{EBCC630B-3A51-8A7C-A733-35DC7AC657E6}"
EndProject
Project("{FAE04EC0-301F-11D3-BF4B-00C04F79EFBC}") = "ConsoleSelectControlSamples", "samples\ConsoleSelectControlSamples\ConsoleSelectControlSamples.csproj", "{15069AE4-AB7D-48FB-3F74-9FD4B50A8C31}"
EndProject
Project("{FAE04EC0-301F-11D3-BF4B-00C04F79EFBC}") = "ConsoleMultiSelectControlSamples", "samples\ConsoleMultiSelectControlSamples\ConsoleMultiSelectControlSamples.csproj", "{2D170FBA-D577-7F18-EB95-A3863BFC23F9}"
EndProject
Project("{FAE04EC0-301F-11D3-BF4B-00C04F79EFBC}") = "ConsoleAutoCompleteControlSamples", "samples\ConsoleAutoCompleteControlSamples\ConsoleAutoCompleteControlSamples.csproj", "{E335E16B-B2AC-1750-CDC2-FC211E9F34B9}"
EndProject
Project("{FAE04EC0-301F-11D3-BF4B-00C04F79EFBC}") = "ConsoleMaskEditControlSamples", "samples\ConsoleMaskEditControlSamples\ConsoleMaskEditControlSamples.csproj", "{5D7EC221-FCCF-3ECB-AA8F-C543185EBEEA}"
EndProject
Project("{FAE04EC0-301F-11D3-BF4B-00C04F79EFBC}") = "ConsoleTableWidgetSamples", "samples\ConsoleTableWidgetSamples\ConsoleTableWidgetSamples.csproj", "{E3D4A2F0-66EB-BAA0-A76F-7A2A3C86C279}"
EndProject
Project("{FAE04EC0-301F-11D3-BF4B-00C04F79EFBC}") = "ConsoleTableSelectSamples", "samples\ConsoleTableSelectSamples\ConsoleTableSelectSamples.csproj", "{AB20D675-9DAD-85E0-68E6-612CAF1B7CA5}"
EndProject
Project("{FAE04EC0-301F-11D3-BF4B-00C04F79EFBC}") = "ConsoleTableMultiSelectSamples", "samples\ConsoleTableMultiSelectSamples\ConsoleTableMultiSelectSamples.csproj", "{531B2598-5005-5252-204F-DC3800282FD7}"
EndProject
Project("{FAE04EC0-301F-11D3-BF4B-00C04F79EFBC}") = "ConsoleSliderWidgetSamples", "samples\ConsoleSliderWidgetSamples\ConsoleSliderWidgetSamples.csproj", "{C0A105E6-4C57-7571-8DB7-050891FF8487}"
EndProject
Project("{FAE04EC0-301F-11D3-BF4B-00C04F79EFBC}") = "ConsoleSwitchWidgetSamples", "samples\ConsoleSwitchWidgetSamples\ConsoleSwitchWidgetSamples.csproj", "{E78E7EA0-89E5-C613-2B58-645E86F8FBCB}"
EndProject
Project("{FAE04EC0-301F-11D3-BF4B-00C04F79EFBC}") = "ConsoleFileSelectControlSamples", "samples\ConsoleFileSelectControlSamples\ConsoleFileSelectControlSamples.csproj", "{397542E0-EF01-1339-25F6-A2CA03A7E114}"
EndProject
Project("{FAE04EC0-301F-11D3-BF4B-00C04F79EFBC}") = "ConsoleFileMultiSelectControlSamples", "samples\ConsoleFileMultiSelectControlSamples\ConsoleFileMultiSelectControlSamples.csproj", "{57DE302C-70A7-181A-4008-5FBEB034E11D}"
EndProject
Project("{FAE04EC0-301F-11D3-BF4B-00C04F79EFBC}") = "ConsoleNodeTreeSelectSamples", "samples\ConsoleNodeTreeSelectSamples\ConsoleNodeTreeSelectSamples.csproj", "{511EC1B4-F060-28BC-7CC0-81F79D9E1145}"
EndProject
Project("{FAE04EC0-301F-11D3-BF4B-00C04F79EFBC}") = "ConsoleNodeTreeMultiSelectSamples", "samples\ConsoleNodeTreeMultiSelectSamples\ConsoleNodeTreeMultiSelectSamples.csproj", "{69E05622-0DF6-B6F3-AB93-0831ABFD435F}"
EndProject
Project("{2150E333-8FDC-42A3-9474-1A3956D46DE8}") = "Github", "Github", "{56996413-0439-4845-8E42-ED3A978C3B9A}"
	ProjectSection(SolutionItems) = preProject
		.github\workflows\build.yml = .github\workflows\build.yml
		.github\workflows\codeql-analysis.yml = .github\workflows\codeql-analysis.yml
		.github\workflows\publish.yml = .github\workflows\publish.yml
	EndProjectSection
EndProject
Project("{2150E333-8FDC-42A3-9474-1A3956D46DE8}") = "Docs", "Docs", "{0F329F1B-9B18-4469-807B-714EC37CB2DF}"
	ProjectSection(SolutionItems) = preProject
		CODE_OF_CONDUCT.md = CODE_OF_CONDUCT.md
		docs\colors.md = docs\colors.md
		CONTRIBUTING.md = CONTRIBUTING.md
		docs\api\docindex.md = docs\api\docindex.md
		README.md = README.md
		SECURITY.md = SECURITY.md
		docs\snapshots.md = docs\snapshots.md
		docs\whatsnewcontrols.md = docs\whatsnewcontrols.md
		docs\whatsnewprev.md = docs\whatsnewprev.md
	EndProjectSection
EndProject
Project("{FAE04EC0-301F-11D3-BF4B-00C04F79EFBC}") = "XmlDocMarkdownGenerator", "docs\XmlDocMarkdownGenerator\XmlDocMarkdownGenerator.csproj", "{978EEC0D-37A4-3609-79B0-27EB1A9C2CD9}"
EndProject
Project("{FAE04EC0-301F-11D3-BF4B-00C04F79EFBC}") = "ConsoleRemoteSelectControlSamples", "samples\ConsoleRemoteSelectControlSamples\ConsoleRemoteSelectControlSamples.csproj", "{2F356EE7-0B2A-5594-4AC5-F25CD8E1E018}"
EndProject
Project("{FAE04EC0-301F-11D3-BF4B-00C04F79EFBC}") = "ConsoleRemoteMultiSelectControlSamples", "samples\ConsoleRemoteMultiSelectControlSamples\ConsoleRemoteMultiSelectControlSamples.csproj", "{10B490A4-BF9E-F7D3-4020-1A14287D1B96}"
EndProject
Project("{FAE04EC0-301F-11D3-BF4B-00C04F79EFBC}") = "ConsoleNodeTreeRemoteSelectSamples", "samples\ConsoleNodeTreeRemoteSelectSamples\ConsoleNodeTreeRemoteSelectSamples.csproj", "{1BE5F204-5A89-1AC2-9FAF-353D185D5AEA}"
EndProject
Project("{FAE04EC0-301F-11D3-BF4B-00C04F79EFBC}") = "ConsoleNodeTreeRemoteMultiSelectSamples", "samples\ConsoleNodeTreeRemoteMultiSelectSamples\ConsoleNodeTreeRemoteMultiSelectSamples.csproj", "{EF643E9A-2E84-6BC4-978D-12D206EC1058}"
EndProject
Project("{FAE04EC0-301F-11D3-BF4B-00C04F79EFBC}") = "ConsoleCtrlCFeaturesSamples", "samples\ConsoleCtrlCFeaturesSamples\ConsoleCtrlCFeaturesSamples.csproj", "{396C97FA-0DD0-E97D-041E-F6F7EDFC724C}"
EndProject
Project("{FAE04EC0-301F-11D3-BF4B-00C04F79EFBC}") = "ConsoleAlternateScreenSamples", "samples\ConsoleAlternateScreenSamples\ConsoleAlternateScreenSamples.csproj", "{E5E4DD0E-72BC-8432-9638-8829BF07C26F}"
EndProject
Global
	GlobalSection(SolutionConfigurationPlatforms) = preSolution
		Debug|Any CPU = Debug|Any CPU
		Release|Any CPU = Release|Any CPU
	EndGlobalSection
	GlobalSection(ProjectConfigurationPlatforms) = postSolution
		{60DC05A1-AE64-4C34-A0CA-6F1DD070721E}.Debug|Any CPU.ActiveCfg = Debug|Any CPU
		{60DC05A1-AE64-4C34-A0CA-6F1DD070721E}.Debug|Any CPU.Build.0 = Debug|Any CPU
		{60DC05A1-AE64-4C34-A0CA-6F1DD070721E}.Release|Any CPU.ActiveCfg = Release|Any CPU
		{60DC05A1-AE64-4C34-A0CA-6F1DD070721E}.Release|Any CPU.Build.0 = Release|Any CPU
		{EAA2A72B-BE11-4815-A434-458F2509A12B}.Debug|Any CPU.ActiveCfg = Debug|Any CPU
		{EAA2A72B-BE11-4815-A434-458F2509A12B}.Debug|Any CPU.Build.0 = Debug|Any CPU
		{EAA2A72B-BE11-4815-A434-458F2509A12B}.Release|Any CPU.ActiveCfg = Release|Any CPU
		{EAA2A72B-BE11-4815-A434-458F2509A12B}.Release|Any CPU.Build.0 = Release|Any CPU
		{ECCF791F-B613-47D2-8060-93F090735FE0}.Debug|Any CPU.ActiveCfg = Debug|Any CPU
		{ECCF791F-B613-47D2-8060-93F090735FE0}.Debug|Any CPU.Build.0 = Debug|Any CPU
		{ECCF791F-B613-47D2-8060-93F090735FE0}.Release|Any CPU.ActiveCfg = Release|Any CPU
		{ECCF791F-B613-47D2-8060-93F090735FE0}.Release|Any CPU.Build.0 = Release|Any CPU
		{87ED2C70-9051-4C51-B288-C922F229D96E}.Debug|Any CPU.ActiveCfg = Debug|Any CPU
		{87ED2C70-9051-4C51-B288-C922F229D96E}.Debug|Any CPU.Build.0 = Debug|Any CPU
		{87ED2C70-9051-4C51-B288-C922F229D96E}.Release|Any CPU.ActiveCfg = Release|Any CPU
		{87ED2C70-9051-4C51-B288-C922F229D96E}.Release|Any CPU.Build.0 = Release|Any CPU
		{D9DCB698-C2CB-4B2B-BEEA-69224F9178A0}.Debug|Any CPU.ActiveCfg = Debug|Any CPU
		{D9DCB698-C2CB-4B2B-BEEA-69224F9178A0}.Debug|Any CPU.Build.0 = Debug|Any CPU
		{D9DCB698-C2CB-4B2B-BEEA-69224F9178A0}.Release|Any CPU.ActiveCfg = Release|Any CPU
		{D9DCB698-C2CB-4B2B-BEEA-69224F9178A0}.Release|Any CPU.Build.0 = Release|Any CPU
		{57656C04-810F-4B49-A507-8CFD178D9063}.Debug|Any CPU.ActiveCfg = Debug|Any CPU
		{57656C04-810F-4B49-A507-8CFD178D9063}.Debug|Any CPU.Build.0 = Debug|Any CPU
		{57656C04-810F-4B49-A507-8CFD178D9063}.Release|Any CPU.ActiveCfg = Release|Any CPU
		{57656C04-810F-4B49-A507-8CFD178D9063}.Release|Any CPU.Build.0 = Release|Any CPU
		{AF679850-32C0-4F46-A874-A51231CFD636}.Debug|Any CPU.ActiveCfg = Debug|Any CPU
		{AF679850-32C0-4F46-A874-A51231CFD636}.Debug|Any CPU.Build.0 = Debug|Any CPU
		{AF679850-32C0-4F46-A874-A51231CFD636}.Release|Any CPU.ActiveCfg = Release|Any CPU
		{AF679850-32C0-4F46-A874-A51231CFD636}.Release|Any CPU.Build.0 = Release|Any CPU
		{4D387B55-CD13-4AE3-AAC2-7B6B2F406487}.Debug|Any CPU.ActiveCfg = Debug|Any CPU
		{4D387B55-CD13-4AE3-AAC2-7B6B2F406487}.Debug|Any CPU.Build.0 = Debug|Any CPU
		{4D387B55-CD13-4AE3-AAC2-7B6B2F406487}.Release|Any CPU.ActiveCfg = Release|Any CPU
		{4D387B55-CD13-4AE3-AAC2-7B6B2F406487}.Release|Any CPU.Build.0 = Release|Any CPU
		{65673DC2-03DB-48C2-854B-276826F43E60}.Debug|Any CPU.ActiveCfg = Debug|Any CPU
		{65673DC2-03DB-48C2-854B-276826F43E60}.Debug|Any CPU.Build.0 = Debug|Any CPU
		{65673DC2-03DB-48C2-854B-276826F43E60}.Release|Any CPU.ActiveCfg = Release|Any CPU
		{65673DC2-03DB-48C2-854B-276826F43E60}.Release|Any CPU.Build.0 = Release|Any CPU
		{44CEFFD5-1318-3670-96F1-4E4CE19C9E00}.Debug|Any CPU.ActiveCfg = Debug|Any CPU
		{44CEFFD5-1318-3670-96F1-4E4CE19C9E00}.Debug|Any CPU.Build.0 = Debug|Any CPU
		{44CEFFD5-1318-3670-96F1-4E4CE19C9E00}.Release|Any CPU.ActiveCfg = Release|Any CPU
		{44CEFFD5-1318-3670-96F1-4E4CE19C9E00}.Release|Any CPU.Build.0 = Release|Any CPU
		{1BE0680B-7928-E2FB-18F5-679A281F7F0B}.Debug|Any CPU.ActiveCfg = Debug|Any CPU
		{1BE0680B-7928-E2FB-18F5-679A281F7F0B}.Debug|Any CPU.Build.0 = Debug|Any CPU
		{1BE0680B-7928-E2FB-18F5-679A281F7F0B}.Release|Any CPU.ActiveCfg = Release|Any CPU
		{1BE0680B-7928-E2FB-18F5-679A281F7F0B}.Release|Any CPU.Build.0 = Release|Any CPU
		{31898EDE-2AD8-6412-52AF-681F55C8F2A0}.Debug|Any CPU.ActiveCfg = Debug|Any CPU
		{31898EDE-2AD8-6412-52AF-681F55C8F2A0}.Debug|Any CPU.Build.0 = Debug|Any CPU
		{31898EDE-2AD8-6412-52AF-681F55C8F2A0}.Release|Any CPU.ActiveCfg = Release|Any CPU
		{31898EDE-2AD8-6412-52AF-681F55C8F2A0}.Release|Any CPU.Build.0 = Release|Any CPU
		{00766751-E862-56DF-0E81-485FE3C16102}.Debug|Any CPU.ActiveCfg = Debug|Any CPU
		{00766751-E862-56DF-0E81-485FE3C16102}.Debug|Any CPU.Build.0 = Debug|Any CPU
		{00766751-E862-56DF-0E81-485FE3C16102}.Release|Any CPU.ActiveCfg = Release|Any CPU
		{00766751-E862-56DF-0E81-485FE3C16102}.Release|Any CPU.Build.0 = Release|Any CPU
		{295185A0-3BFC-FB3D-F263-0E2E7FC10C7A}.Debug|Any CPU.ActiveCfg = Debug|Any CPU
		{295185A0-3BFC-FB3D-F263-0E2E7FC10C7A}.Debug|Any CPU.Build.0 = Debug|Any CPU
		{295185A0-3BFC-FB3D-F263-0E2E7FC10C7A}.Release|Any CPU.ActiveCfg = Release|Any CPU
		{295185A0-3BFC-FB3D-F263-0E2E7FC10C7A}.Release|Any CPU.Build.0 = Release|Any CPU
		{EBCC630B-3A51-8A7C-A733-35DC7AC657E6}.Debug|Any CPU.ActiveCfg = Debug|Any CPU
		{EBCC630B-3A51-8A7C-A733-35DC7AC657E6}.Debug|Any CPU.Build.0 = Debug|Any CPU
		{EBCC630B-3A51-8A7C-A733-35DC7AC657E6}.Release|Any CPU.ActiveCfg = Release|Any CPU
		{EBCC630B-3A51-8A7C-A733-35DC7AC657E6}.Release|Any CPU.Build.0 = Release|Any CPU
		{15069AE4-AB7D-48FB-3F74-9FD4B50A8C31}.Debug|Any CPU.ActiveCfg = Debug|Any CPU
		{15069AE4-AB7D-48FB-3F74-9FD4B50A8C31}.Debug|Any CPU.Build.0 = Debug|Any CPU
		{15069AE4-AB7D-48FB-3F74-9FD4B50A8C31}.Release|Any CPU.ActiveCfg = Release|Any CPU
		{15069AE4-AB7D-48FB-3F74-9FD4B50A8C31}.Release|Any CPU.Build.0 = Release|Any CPU
		{2D170FBA-D577-7F18-EB95-A3863BFC23F9}.Debug|Any CPU.ActiveCfg = Debug|Any CPU
		{2D170FBA-D577-7F18-EB95-A3863BFC23F9}.Debug|Any CPU.Build.0 = Debug|Any CPU
		{2D170FBA-D577-7F18-EB95-A3863BFC23F9}.Release|Any CPU.ActiveCfg = Release|Any CPU
		{2D170FBA-D577-7F18-EB95-A3863BFC23F9}.Release|Any CPU.Build.0 = Release|Any CPU
		{E335E16B-B2AC-1750-CDC2-FC211E9F34B9}.Debug|Any CPU.ActiveCfg = Debug|Any CPU
		{E335E16B-B2AC-1750-CDC2-FC211E9F34B9}.Debug|Any CPU.Build.0 = Debug|Any CPU
		{E335E16B-B2AC-1750-CDC2-FC211E9F34B9}.Release|Any CPU.ActiveCfg = Release|Any CPU
		{E335E16B-B2AC-1750-CDC2-FC211E9F34B9}.Release|Any CPU.Build.0 = Release|Any CPU
		{5D7EC221-FCCF-3ECB-AA8F-C543185EBEEA}.Debug|Any CPU.ActiveCfg = Debug|Any CPU
		{5D7EC221-FCCF-3ECB-AA8F-C543185EBEEA}.Debug|Any CPU.Build.0 = Debug|Any CPU
		{5D7EC221-FCCF-3ECB-AA8F-C543185EBEEA}.Release|Any CPU.ActiveCfg = Release|Any CPU
		{5D7EC221-FCCF-3ECB-AA8F-C543185EBEEA}.Release|Any CPU.Build.0 = Release|Any CPU
		{E3D4A2F0-66EB-BAA0-A76F-7A2A3C86C279}.Debug|Any CPU.ActiveCfg = Debug|Any CPU
		{E3D4A2F0-66EB-BAA0-A76F-7A2A3C86C279}.Debug|Any CPU.Build.0 = Debug|Any CPU
		{E3D4A2F0-66EB-BAA0-A76F-7A2A3C86C279}.Release|Any CPU.ActiveCfg = Release|Any CPU
		{E3D4A2F0-66EB-BAA0-A76F-7A2A3C86C279}.Release|Any CPU.Build.0 = Release|Any CPU
		{AB20D675-9DAD-85E0-68E6-612CAF1B7CA5}.Debug|Any CPU.ActiveCfg = Debug|Any CPU
		{AB20D675-9DAD-85E0-68E6-612CAF1B7CA5}.Debug|Any CPU.Build.0 = Debug|Any CPU
		{AB20D675-9DAD-85E0-68E6-612CAF1B7CA5}.Release|Any CPU.ActiveCfg = Release|Any CPU
		{AB20D675-9DAD-85E0-68E6-612CAF1B7CA5}.Release|Any CPU.Build.0 = Release|Any CPU
		{531B2598-5005-5252-204F-DC3800282FD7}.Debug|Any CPU.ActiveCfg = Debug|Any CPU
		{531B2598-5005-5252-204F-DC3800282FD7}.Debug|Any CPU.Build.0 = Debug|Any CPU
		{531B2598-5005-5252-204F-DC3800282FD7}.Release|Any CPU.ActiveCfg = Release|Any CPU
		{531B2598-5005-5252-204F-DC3800282FD7}.Release|Any CPU.Build.0 = Release|Any CPU
		{C0A105E6-4C57-7571-8DB7-050891FF8487}.Debug|Any CPU.ActiveCfg = Debug|Any CPU
		{C0A105E6-4C57-7571-8DB7-050891FF8487}.Debug|Any CPU.Build.0 = Debug|Any CPU
		{C0A105E6-4C57-7571-8DB7-050891FF8487}.Release|Any CPU.ActiveCfg = Release|Any CPU
		{C0A105E6-4C57-7571-8DB7-050891FF8487}.Release|Any CPU.Build.0 = Release|Any CPU
		{E78E7EA0-89E5-C613-2B58-645E86F8FBCB}.Debug|Any CPU.ActiveCfg = Debug|Any CPU
		{E78E7EA0-89E5-C613-2B58-645E86F8FBCB}.Debug|Any CPU.Build.0 = Debug|Any CPU
		{E78E7EA0-89E5-C613-2B58-645E86F8FBCB}.Release|Any CPU.ActiveCfg = Release|Any CPU
		{E78E7EA0-89E5-C613-2B58-645E86F8FBCB}.Release|Any CPU.Build.0 = Release|Any CPU
		{397542E0-EF01-1339-25F6-A2CA03A7E114}.Debug|Any CPU.ActiveCfg = Debug|Any CPU
		{397542E0-EF01-1339-25F6-A2CA03A7E114}.Debug|Any CPU.Build.0 = Debug|Any CPU
		{397542E0-EF01-1339-25F6-A2CA03A7E114}.Release|Any CPU.ActiveCfg = Release|Any CPU
		{397542E0-EF01-1339-25F6-A2CA03A7E114}.Release|Any CPU.Build.0 = Release|Any CPU
		{57DE302C-70A7-181A-4008-5FBEB034E11D}.Debug|Any CPU.ActiveCfg = Debug|Any CPU
		{57DE302C-70A7-181A-4008-5FBEB034E11D}.Debug|Any CPU.Build.0 = Debug|Any CPU
		{57DE302C-70A7-181A-4008-5FBEB034E11D}.Release|Any CPU.ActiveCfg = Release|Any CPU
		{57DE302C-70A7-181A-4008-5FBEB034E11D}.Release|Any CPU.Build.0 = Release|Any CPU
		{511EC1B4-F060-28BC-7CC0-81F79D9E1145}.Debug|Any CPU.ActiveCfg = Debug|Any CPU
		{511EC1B4-F060-28BC-7CC0-81F79D9E1145}.Debug|Any CPU.Build.0 = Debug|Any CPU
		{511EC1B4-F060-28BC-7CC0-81F79D9E1145}.Release|Any CPU.ActiveCfg = Release|Any CPU
		{511EC1B4-F060-28BC-7CC0-81F79D9E1145}.Release|Any CPU.Build.0 = Release|Any CPU
		{69E05622-0DF6-B6F3-AB93-0831ABFD435F}.Debug|Any CPU.ActiveCfg = Debug|Any CPU
		{69E05622-0DF6-B6F3-AB93-0831ABFD435F}.Debug|Any CPU.Build.0 = Debug|Any CPU
		{69E05622-0DF6-B6F3-AB93-0831ABFD435F}.Release|Any CPU.ActiveCfg = Release|Any CPU
		{69E05622-0DF6-B6F3-AB93-0831ABFD435F}.Release|Any CPU.Build.0 = Release|Any CPU
		{978EEC0D-37A4-3609-79B0-27EB1A9C2CD9}.Debug|Any CPU.ActiveCfg = Debug|Any CPU
		{978EEC0D-37A4-3609-79B0-27EB1A9C2CD9}.Debug|Any CPU.Build.0 = Debug|Any CPU
		{978EEC0D-37A4-3609-79B0-27EB1A9C2CD9}.Release|Any CPU.ActiveCfg = Release|Any CPU
		{978EEC0D-37A4-3609-79B0-27EB1A9C2CD9}.Release|Any CPU.Build.0 = Release|Any CPU
		{2F356EE7-0B2A-5594-4AC5-F25CD8E1E018}.Debug|Any CPU.ActiveCfg = Debug|Any CPU
		{2F356EE7-0B2A-5594-4AC5-F25CD8E1E018}.Debug|Any CPU.Build.0 = Debug|Any CPU
		{2F356EE7-0B2A-5594-4AC5-F25CD8E1E018}.Release|Any CPU.ActiveCfg = Release|Any CPU
		{2F356EE7-0B2A-5594-4AC5-F25CD8E1E018}.Release|Any CPU.Build.0 = Release|Any CPU
		{10B490A4-BF9E-F7D3-4020-1A14287D1B96}.Debug|Any CPU.ActiveCfg = Debug|Any CPU
		{10B490A4-BF9E-F7D3-4020-1A14287D1B96}.Debug|Any CPU.Build.0 = Debug|Any CPU
		{10B490A4-BF9E-F7D3-4020-1A14287D1B96}.Release|Any CPU.ActiveCfg = Release|Any CPU
		{10B490A4-BF9E-F7D3-4020-1A14287D1B96}.Release|Any CPU.Build.0 = Release|Any CPU
		{1BE5F204-5A89-1AC2-9FAF-353D185D5AEA}.Debug|Any CPU.ActiveCfg = Debug|Any CPU
		{1BE5F204-5A89-1AC2-9FAF-353D185D5AEA}.Debug|Any CPU.Build.0 = Debug|Any CPU
		{1BE5F204-5A89-1AC2-9FAF-353D185D5AEA}.Release|Any CPU.ActiveCfg = Release|Any CPU
		{1BE5F204-5A89-1AC2-9FAF-353D185D5AEA}.Release|Any CPU.Build.0 = Release|Any CPU
		{EF643E9A-2E84-6BC4-978D-12D206EC1058}.Debug|Any CPU.ActiveCfg = Debug|Any CPU
		{EF643E9A-2E84-6BC4-978D-12D206EC1058}.Debug|Any CPU.Build.0 = Debug|Any CPU
		{EF643E9A-2E84-6BC4-978D-12D206EC1058}.Release|Any CPU.ActiveCfg = Release|Any CPU
		{EF643E9A-2E84-6BC4-978D-12D206EC1058}.Release|Any CPU.Build.0 = Release|Any CPU
		{396C97FA-0DD0-E97D-041E-F6F7EDFC724C}.Debug|Any CPU.ActiveCfg = Debug|Any CPU
		{396C97FA-0DD0-E97D-041E-F6F7EDFC724C}.Debug|Any CPU.Build.0 = Debug|Any CPU
		{396C97FA-0DD0-E97D-041E-F6F7EDFC724C}.Release|Any CPU.ActiveCfg = Release|Any CPU
		{396C97FA-0DD0-E97D-041E-F6F7EDFC724C}.Release|Any CPU.Build.0 = Release|Any CPU
		{E5E4DD0E-72BC-8432-9638-8829BF07C26F}.Debug|Any CPU.ActiveCfg = Debug|Any CPU
		{E5E4DD0E-72BC-8432-9638-8829BF07C26F}.Debug|Any CPU.Build.0 = Debug|Any CPU
		{E5E4DD0E-72BC-8432-9638-8829BF07C26F}.Release|Any CPU.ActiveCfg = Release|Any CPU
		{E5E4DD0E-72BC-8432-9638-8829BF07C26F}.Release|Any CPU.Build.0 = Release|Any CPU
	EndGlobalSection
	GlobalSection(SolutionProperties) = preSolution
		HideSolutionNode = FALSE
	EndGlobalSection
	GlobalSection(NestedProjects) = preSolution
		{EAA2A72B-BE11-4815-A434-458F2509A12B} = {2742117A-A0CB-4544-BDA7-BE537B79B571}
		{BA38AF06-01DE-407A-B73B-1278965B848D} = {2742117A-A0CB-4544-BDA7-BE537B79B571}
		{B224F988-CB31-487D-8B94-84CEF58E4B52} = {2742117A-A0CB-4544-BDA7-BE537B79B571}
		{ECCF791F-B613-47D2-8060-93F090735FE0} = {BA38AF06-01DE-407A-B73B-1278965B848D}
		{87ED2C70-9051-4C51-B288-C922F229D96E} = {BA38AF06-01DE-407A-B73B-1278965B848D}
		{D9DCB698-C2CB-4B2B-BEEA-69224F9178A0} = {B224F988-CB31-487D-8B94-84CEF58E4B52}
		{57656C04-810F-4B49-A507-8CFD178D9063} = {B224F988-CB31-487D-8B94-84CEF58E4B52}
		{AF679850-32C0-4F46-A874-A51231CFD636} = {B224F988-CB31-487D-8B94-84CEF58E4B52}
		{4D387B55-CD13-4AE3-AAC2-7B6B2F406487} = {B224F988-CB31-487D-8B94-84CEF58E4B52}
		{65673DC2-03DB-48C2-854B-276826F43E60} = {B224F988-CB31-487D-8B94-84CEF58E4B52}
		{44CEFFD5-1318-3670-96F1-4E4CE19C9E00} = {B224F988-CB31-487D-8B94-84CEF58E4B52}
		{1BE0680B-7928-E2FB-18F5-679A281F7F0B} = {B224F988-CB31-487D-8B94-84CEF58E4B52}
		{31898EDE-2AD8-6412-52AF-681F55C8F2A0} = {B224F988-CB31-487D-8B94-84CEF58E4B52}
		{00766751-E862-56DF-0E81-485FE3C16102} = {B224F988-CB31-487D-8B94-84CEF58E4B52}
		{295185A0-3BFC-FB3D-F263-0E2E7FC10C7A} = {B224F988-CB31-487D-8B94-84CEF58E4B52}
		{EBCC630B-3A51-8A7C-A733-35DC7AC657E6} = {BA38AF06-01DE-407A-B73B-1278965B848D}
		{15069AE4-AB7D-48FB-3F74-9FD4B50A8C31} = {B224F988-CB31-487D-8B94-84CEF58E4B52}
		{2D170FBA-D577-7F18-EB95-A3863BFC23F9} = {B224F988-CB31-487D-8B94-84CEF58E4B52}
		{E335E16B-B2AC-1750-CDC2-FC211E9F34B9} = {B224F988-CB31-487D-8B94-84CEF58E4B52}
		{5D7EC221-FCCF-3ECB-AA8F-C543185EBEEA} = {B224F988-CB31-487D-8B94-84CEF58E4B52}
		{E3D4A2F0-66EB-BAA0-A76F-7A2A3C86C279} = {BA38AF06-01DE-407A-B73B-1278965B848D}
		{AB20D675-9DAD-85E0-68E6-612CAF1B7CA5} = {B224F988-CB31-487D-8B94-84CEF58E4B52}
		{531B2598-5005-5252-204F-DC3800282FD7} = {B224F988-CB31-487D-8B94-84CEF58E4B52}
		{C0A105E6-4C57-7571-8DB7-050891FF8487} = {BA38AF06-01DE-407A-B73B-1278965B848D}
		{E78E7EA0-89E5-C613-2B58-645E86F8FBCB} = {BA38AF06-01DE-407A-B73B-1278965B848D}
		{397542E0-EF01-1339-25F6-A2CA03A7E114} = {B224F988-CB31-487D-8B94-84CEF58E4B52}
		{57DE302C-70A7-181A-4008-5FBEB034E11D} = {B224F988-CB31-487D-8B94-84CEF58E4B52}
		{511EC1B4-F060-28BC-7CC0-81F79D9E1145} = {B224F988-CB31-487D-8B94-84CEF58E4B52}
		{69E05622-0DF6-B6F3-AB93-0831ABFD435F} = {B224F988-CB31-487D-8B94-84CEF58E4B52}
		{2F356EE7-0B2A-5594-4AC5-F25CD8E1E018} = {B224F988-CB31-487D-8B94-84CEF58E4B52}
		{10B490A4-BF9E-F7D3-4020-1A14287D1B96} = {B224F988-CB31-487D-8B94-84CEF58E4B52}
		{1BE5F204-5A89-1AC2-9FAF-353D185D5AEA} = {B224F988-CB31-487D-8B94-84CEF58E4B52}
		{EF643E9A-2E84-6BC4-978D-12D206EC1058} = {B224F988-CB31-487D-8B94-84CEF58E4B52}
		{396C97FA-0DD0-E97D-041E-F6F7EDFC724C} = {2742117A-A0CB-4544-BDA7-BE537B79B571}
		{E5E4DD0E-72BC-8432-9638-8829BF07C26F} = {2742117A-A0CB-4544-BDA7-BE537B79B571}
	EndGlobalSection
	GlobalSection(ExtensibilityGlobals) = postSolution
		SolutionGuid = {FE8A3E96-3089-44C1-908E-6BD6832A278A}
	EndGlobalSection
EndGlobal
